
Microsoft Visual Studio Solution File, Format Version 12.00
# Visual Studio Version 17
VisualStudioVersion = 17.7.34024.191
MinimumVisualStudioVersion = 10.0.40219.1
Project("{FAE04EC0-301F-11D3-BF4B-00C04F79EFBC}") = "pract4", "pract4\pract4.csproj", "{5B2F91EA-66AF-4C4D-86ED-4C980224E614}"
EndProject
Global
	GlobalSection(SolutionConfigurationPlatforms) = preSolution
		Debug|Any CPU = Debug|Any CPU
		Release|Any CPU = Release|Any CPU
	EndGlobalSection
	GlobalSection(ProjectConfigurationPlatforms) = postSolution
		{5B2F91EA-66AF-4C4D-86ED-4C980224E614}.Debug|Any CPU.ActiveCfg = Debug|Any CPU
		{5B2F91EA-66AF-4C4D-86ED-4C980224E614}.Debug|Any CPU.Build.0 = Debug|Any CPU
		{5B2F91EA-66AF-4C4D-86ED-4C980224E614}.Debug|Any CPU.Deploy.0 = Debug|Any CPU
		{5B2F91EA-66AF-4C4D-86ED-4C980224E614}.Release|Any CPU.ActiveCfg = Release|Any CPU
		{5B2F91EA-66AF-4C4D-86ED-4C980224E614}.Release|Any CPU.Build.0 = Release|Any CPU
		{5B2F91EA-66AF-4C4D-86ED-4C980224E614}.Release|Any CPU.Deploy.0 = Release|Any CPU
	EndGlobalSection
	GlobalSection(SolutionProperties) = preSolution
		HideSolutionNode = FALSE
	EndGlobalSection
	GlobalSection(ExtensibilityGlobals) = postSolution
		SolutionGuid = {1618218C-9E2C-43AC-9699-0A2ADEF0EC72}
	EndGlobalSection
EndGlobal
